Microsoft Visual Studio Solution File, Format Version 11.00
# Visual Studio 2008

Project("{4EFEBF03-BEB1-E267-E072-98CA58FDBC02}") = "Dino_Run", "Assembly-CSharp.csproj", "{F42E5E94-BD49-164C-5D5C-94E35219692D}"
EndProject
Project("{4EFEBF03-BEB1-E267-E072-98CA58FDBC02}") = "Dino_Run", "Assembly-UnityScript.unityproj", "{B7D29C5A-B40C-FBE7-9009-B88151EEC866}"
EndProject
Global
	GlobalSection(SolutionConfigurationPlatforms) = preSolution
		Debug|Any CPU = Debug|Any CPU
		Release|Any CPU = Release|Any CPU
	EndGlobalSection
	GlobalSection(ProjectConfigurationPlatforms) = postSolution
		{F42E5E94-BD49-164C-5D5C-94E35219692D}.Debug|Any CPU.ActiveCfg = Debug|Any CPU
		{F42E5E94-BD49-164C-5D5C-94E35219692D}.Debug|Any CPU.Build.0 = Debug|Any CPU
		{F42E5E94-BD49-164C-5D5C-94E35219692D}.Release|Any CPU.ActiveCfg = Release|Any CPU
		{F42E5E94-BD49-164C-5D5C-94E35219692D}.Release|Any CPU.Build.0 = Release|Any CPU
		{B7D29C5A-B40C-FBE7-9009-B88151EEC866}.Debug|Any CPU.ActiveCfg = Debug|Any CPU
		{B7D29C5A-B40C-FBE7-9009-B88151EEC866}.Debug|Any CPU.Build.0 = Debug|Any CPU
		{B7D29C5A-B40C-FBE7-9009-B88151EEC866}.Release|Any CPU.ActiveCfg = Release|Any CPU
		{B7D29C5A-B40C-FBE7-9009-B88151EEC866}.Release|Any CPU.Build.0 = Release|Any CPU
	EndGlobalSection
	GlobalSection(SolutionProperties) = preSolution
		HideSolutionNode = FALSE
	EndGlobalSection
	GlobalSection(MonoDevelopProperties) = preSolution
		StartupItem = Assembly-CSharp.csproj
	EndGlobalSection
EndGlobal
